# This file is automatically @generated by Poetry 1.4.2 and should not be changed by hand.

[[package]]
name = "fasteners"
version = "0.18"
description = "A python package that provides useful locks"
category = "main"
optional = false
python-versions = ">=3.6"
files = [
    {file = "fasteners-0.18-py3-none-any.whl", hash = "sha256:1d4caf5f8db57b0e4107d94fd5a1d02510a450dced6ca77d1839064c1bacf20c"},
    {file = "fasteners-0.18.tar.gz", hash = "sha256:cb7c13ef91e0c7e4fe4af38ecaf6b904ec3f5ce0dda06d34924b6b74b869d953"},
]

[metadata]
lock-version = "2.0"
python-versions = "^3.10"
content-hash = "e0dc36880c1c86fb8b00d0fcbcc5e4ae20ffed0ef0ed779034b146734452d81a"
